
Microsoft Visual Studio Solution File, Format Version 12.00
# Visual Studio Version 17
VisualStudioVersion = 17.3.32901.215
MinimumVisualStudioVersion = 10.0.40219.1
Project("{8BC9CEB8-8B4A-11D0-8D11-00A0C91BC942}") = "ServerSoketShur", "ServerSoketShur\ServerSoketShur.vcxproj", "{DF1BB57D-46A7-4C4A-8460-1A8178D2F4C9}"
	ProjectSection(ProjectDependencies) = postProject
		{460073A5-AFFB-4B80-91B0-F72E4A67554D} = {460073A5-AFFB-4B80-91B0-F72E4A67554D}
	EndProjectSection
EndProject
Project("{8BC9CEB8-8B4A-11D0-8D11-00A0C91BC942}") = "ClientSoketShur", "ClientSoketShur\ClientSoketShur.vcxproj", "{460073A5-AFFB-4B80-91B0-F72E4A67554D}"
EndProject
Project("{9A19103F-16F7-4668-BE54-9A1E7A4F7556}") = "SharpClientSoketShur", "SharpClientSoketShur\SharpClientSoketShur.csproj", "{C205CC32-F2CA-42AE-8A9A-6E2FA2E23F5E}"
EndProject
Project("{8BC9CEB8-8B4A-11D0-8D11-00A0C91BC942}") = "SupportServerShur", "SupportServerShur\SupportServerShur.vcxproj", "{1CA99BBE-20B2-4BDC-B78D-B827771F69E0}"
EndProject
Global
	GlobalSection(SolutionConfigurationPlatforms) = preSolution
		Debug|Any CPU = Debug|Any CPU
		Debug|x64 = Debug|x64
		Debug|x86 = Debug|x86
		Release|Any CPU = Release|Any CPU
		Release|x64 = Release|x64
		Release|x86 = Release|x86
	EndGlobalSection
	GlobalSection(ProjectConfigurationPlatforms) = postSolution
		{DF1BB57D-46A7-4C4A-8460-1A8178D2F4C9}.Debug|Any CPU.ActiveCfg = Debug|x64
		{DF1BB57D-46A7-4C4A-8460-1A8178D2F4C9}.Debug|Any CPU.Build.0 = Debug|x64
		{DF1BB57D-46A7-4C4A-8460-1A8178D2F4C9}.Debug|x64.ActiveCfg = Debug|x64
		{DF1BB57D-46A7-4C4A-8460-1A8178D2F4C9}.Debug|x64.Build.0 = Debug|x64
		{DF1BB57D-46A7-4C4A-8460-1A8178D2F4C9}.Debug|x86.ActiveCfg = Debug|Win32
		{DF1BB57D-46A7-4C4A-8460-1A8178D2F4C9}.Debug|x86.Build.0 = Debug|Win32
		{DF1BB57D-46A7-4C4A-8460-1A8178D2F4C9}.Release|Any CPU.ActiveCfg = Release|x64
		{DF1BB57D-46A7-4C4A-8460-1A8178D2F4C9}.Release|Any CPU.Build.0 = Release|x64
		{DF1BB57D-46A7-4C4A-8460-1A8178D2F4C9}.Release|x64.ActiveCfg = Release|x64
		{DF1BB57D-46A7-4C4A-8460-1A8178D2F4C9}.Release|x64.Build.0 = Release|x64
		{DF1BB57D-46A7-4C4A-8460-1A8178D2F4C9}.Release|x86.ActiveCfg = Release|Win32
		{DF1BB57D-46A7-4C4A-8460-1A8178D2F4C9}.Release|x86.Build.0 = Release|Win32
		{460073A5-AFFB-4B80-91B0-F72E4A67554D}.Debug|Any CPU.ActiveCfg = Debug|x64
		{460073A5-AFFB-4B80-91B0-F72E4A67554D}.Debug|Any CPU.Build.0 = Debug|x64
		{460073A5-AFFB-4B80-91B0-F72E4A67554D}.Debug|x64.ActiveCfg = Debug|x64
		{460073A5-AFFB-4B80-91B0-F72E4A67554D}.Debug|x64.Build.0 = Debug|x64
		{460073A5-AFFB-4B80-91B0-F72E4A67554D}.Debug|x86.ActiveCfg = Debug|Win32
		{460073A5-AFFB-4B80-91B0-F72E4A67554D}.Debug|x86.Build.0 = Debug|Win32
		{460073A5-AFFB-4B80-91B0-F72E4A67554D}.Release|Any CPU.ActiveCfg = Release|x64
		{460073A5-AFFB-4B80-91B0-F72E4A67554D}.Release|Any CPU.Build.0 = Release|x64
		{460073A5-AFFB-4B80-91B0-F72E4A67554D}.Release|x64.ActiveCfg = Release|x64
		{460073A5-AFFB-4B80-91B0-F72E4A67554D}.Release|x64.Build.0 = Release|x64
		{460073A5-AFFB-4B80-91B0-F72E4A67554D}.Release|x86.ActiveCfg = Release|Win32
		{460073A5-AFFB-4B80-91B0-F72E4A67554D}.Release|x86.Build.0 = Release|Win32
		{C205CC32-F2CA-42AE-8A9A-6E2FA2E23F5E}.Debug|Any CPU.ActiveCfg = Debug|Any CPU
		{C205CC32-F2CA-42AE-8A9A-6E2FA2E23F5E}.Debug|Any CPU.Build.0 = Debug|Any CPU
		{C205CC32-F2CA-42AE-8A9A-6E2FA2E23F5E}.Debug|x64.ActiveCfg = Debug|Any CPU
		{C205CC32-F2CA-42AE-8A9A-6E2FA2E23F5E}.Debug|x64.Build.0 = Debug|Any CPU
		{C205CC32-F2CA-42AE-8A9A-6E2FA2E23F5E}.Debug|x86.ActiveCfg = Debug|Any CPU
		{C205CC32-F2CA-42AE-8A9A-6E2FA2E23F5E}.Debug|x86.Build.0 = Debug|Any CPU
		{C205CC32-F2CA-42AE-8A9A-6E2FA2E23F5E}.Release|Any CPU.ActiveCfg = Release|Any CPU
		{C205CC32-F2CA-42AE-8A9A-6E2FA2E23F5E}.Release|Any CPU.Build.0 = Release|Any CPU
		{C205CC32-F2CA-42AE-8A9A-6E2FA2E23F5E}.Release|x64.ActiveCfg = Release|Any CPU
		{C205CC32-F2CA-42AE-8A9A-6E2FA2E23F5E}.Release|x64.Build.0 = Release|Any CPU
		{C205CC32-F2CA-42AE-8A9A-6E2FA2E23F5E}.Release|x86.ActiveCfg = Release|Any CPU
		{C205CC32-F2CA-42AE-8A9A-6E2FA2E23F5E}.Release|x86.Build.0 = Release|Any CPU
		{1CA99BBE-20B2-4BDC-B78D-B827771F69E0}.Debug|Any CPU.ActiveCfg = Debug|x64
		{1CA99BBE-20B2-4BDC-B78D-B827771F69E0}.Debug|Any CPU.Build.0 = Debug|x64
		{1CA99BBE-20B2-4BDC-B78D-B827771F69E0}.Debug|x64.ActiveCfg = Debug|x64
		{1CA99BBE-20B2-4BDC-B78D-B827771F69E0}.Debug|x64.Build.0 = Debug|x64
		{1CA99BBE-20B2-4BDC-B78D-B827771F69E0}.Debug|x86.ActiveCfg = Debug|Win32
		{1CA99BBE-20B2-4BDC-B78D-B827771F69E0}.Debug|x86.Build.0 = Debug|Win32
		{1CA99BBE-20B2-4BDC-B78D-B827771F69E0}.Release|Any CPU.ActiveCfg = Release|x64
		{1CA99BBE-20B2-4BDC-B78D-B827771F69E0}.Release|Any CPU.Build.0 = Release|x64
		{1CA99BBE-20B2-4BDC-B78D-B827771F69E0}.Release|x64.ActiveCfg = Release|x64
		{1CA99BBE-20B2-4BDC-B78D-B827771F69E0}.Release|x64.Build.0 = Release|x64
		{1CA99BBE-20B2-4BDC-B78D-B827771F69E0}.Release|x86.ActiveCfg = Release|Win32
		{1CA99BBE-20B2-4BDC-B78D-B827771F69E0}.Release|x86.Build.0 = Release|Win32
	EndGlobalSection
	GlobalSection(SolutionProperties) = preSolution
		HideSolutionNode = FALSE
	EndGlobalSection
	GlobalSection(ExtensibilityGlobals) = postSolution
		SolutionGuid = {1522CADC-645C-4672-9303-4CA6C0DD76BB}
	EndGlobalSection
EndGlobal
